
Microsoft Visual Studio Solution File, Format Version 12.00
# Visual Studio 15
VisualStudioVersion = 15.0.27130.2026
MinimumVisualStudioVersion = 10.0.40219.1
Project("{FAE04EC0-301F-11D3-BF4B-00C04F79EFBC}") = "ConsoleApp1", "ConsoleApp1\ConsoleApp1.csproj", "{AFB6DBDE-0657-4A8B-A3F3-F7DB6208061D}"
EndProject
Project("{FAE04EC0-301F-11D3-BF4B-00C04F79EFBC}") = "UnitTestProject1", "UnitTestProject1\UnitTestProject1.csproj", "{B60A72F6-0729-462E-B858-E53F0FD0E6F5}"
EndProject
Global
	GlobalSection(SolutionConfigurationPlatforms) = preSolution
		Debug|Any CPU = Debug|Any CPU
		Release|Any CPU = Release|Any CPU
	EndGlobalSection
	GlobalSection(ProjectConfigurationPlatforms) = postSolution
		{AFB6DBDE-0657-4A8B-A3F3-F7DB6208061D}.Debug|Any CPU.ActiveCfg = Debug|Any CPU
		{AFB6DBDE-0657-4A8B-A3F3-F7DB6208061D}.Debug|Any CPU.Build.0 = Debug|Any CPU
		{AFB6DBDE-0657-4A8B-A3F3-F7DB6208061D}.Release|Any CPU.ActiveCfg = Release|Any CPU
		{AFB6DBDE-0657-4A8B-A3F3-F7DB6208061D}.Release|Any CPU.Build.0 = Release|Any CPU
		{B60A72F6-0729-462E-B858-E53F0FD0E6F5}.Debug|Any CPU.ActiveCfg = Debug|Any CPU
		{B60A72F6-0729-462E-B858-E53F0FD0E6F5}.Debug|Any CPU.Build.0 = Debug|Any CPU
		{B60A72F6-0729-462E-B858-E53F0FD0E6F5}.Release|Any CPU.ActiveCfg = Release|Any CPU
		{B60A72F6-0729-462E-B858-E53F0FD0E6F5}.Release|Any CPU.Build.0 = Release|Any CPU
	EndGlobalSection
	GlobalSection(SolutionProperties) = preSolution
		HideSolutionNode = FALSE
	EndGlobalSection
	GlobalSection(ExtensibilityGlobals) = postSolution
		SolutionGuid = {7F453681-7663-4106-A14F-4D13636927E3}
	EndGlobalSection
EndGlobal
